// !$*UTF8*$!
{
	archiveVersion = 1;
	classes = {
	};
	objectVersion = 48;
	objects = {

/* Begin PBXBuildFile section */
		37D2D94998AD641C80F29A26 /* Pods_mossUITests.framework in Frameworks */ = {isa = PBXBuildFile; fileRef = EFD9333FBF27FC96B153869E /* Pods_mossUITests.framework */; };
		503436DF1FE2193A00ADE0D9 /* RatingControl.swift in Sources */ = {isa = PBXBuildFile; fileRef = 503436DE1FE2193A00ADE0D9 /* RatingControl.swift */; };
		50459C881FE0F0A00098CE99 /* SettingsViewController.swift in Sources */ = {isa = PBXBuildFile; fileRef = 50459C871FE0F0A00098CE99 /* SettingsViewController.swift */; };
		5066AB4D1FD8D677001ED8A2 /* AppDelegate.swift in Sources */ = {isa = PBXBuildFile; fileRef = 5066AB4C1FD8D677001ED8A2 /* AppDelegate.swift */; };
		5066AB4F1FD8D677001ED8A2 /* MySubscriptionsViewController.swift in Sources */ = {isa = PBXBuildFile; fileRef = 5066AB4E1FD8D677001ED8A2 /* MySubscriptionsViewController.swift */; };
		5066AB521FD8D677001ED8A2 /* Main.storyboard in Resources */ = {isa = PBXBuildFile; fileRef = 5066AB501FD8D677001ED8A2 /* Main.storyboard */; };
		5066AB551FD8D677001ED8A2 /* moss.xcdatamodeld in Sources */ = {isa = PBXBuildFile; fileRef = 5066AB531FD8D677001ED8A2 /* moss.xcdatamodeld */; };
		5066AB571FD8D677001ED8A2 /* Assets.xcassets in Resources */ = {isa = PBXBuildFile; fileRef = 5066AB561FD8D677001ED8A2 /* Assets.xcassets */; };
		5066AB5A1FD8D677001ED8A2 /* LaunchScreen.storyboard in Resources */ = {isa = PBXBuildFile; fileRef = 5066AB581FD8D677001ED8A2 /* LaunchScreen.storyboard */; };
		5066AB651FD8D678001ED8A2 /* mossTests.swift in Sources */ = {isa = PBXBuildFile; fileRef = 5066AB641FD8D678001ED8A2 /* mossTests.swift */; };
		5066AB701FD8D678001ED8A2 /* mossUITests.swift in Sources */ = {isa = PBXBuildFile; fileRef = 5066AB6F1FD8D678001ED8A2 /* mossUITests.swift */; };
		50C98F3C1FE37948007ECE83 /* SubscriptionsViewModel.swift in Sources */ = {isa = PBXBuildFile; fileRef = 50C98F3B1FE37948007ECE83 /* SubscriptionsViewModel.swift */; };
		50C98F411FE3BA6B007ECE83 /* CreateSubscriptionViewModel.swift in Sources */ = {isa = PBXBuildFile; fileRef = 50C98F401FE3BA6B007ECE83 /* CreateSubscriptionViewModel.swift */; };
		50CF6D2D1FDE26B70084B145 /* CreateSubscriptionViewController.swift in Sources */ = {isa = PBXBuildFile; fileRef = 50CF6D2C1FDE26B70084B145 /* CreateSubscriptionViewController.swift */; };
		780D5287249E8B623580BD72 /* Pods_mossTests.framework in Frameworks */ = {isa = PBXBuildFile; fileRef = 7147E4DEBCCCD58431415454 /* Pods_mossTests.framework */; };
		85682BC3F3D5BC7C76CBC2CD /* Pods_moss.framework in Frameworks */ = {isa = PBXBuildFile; fileRef = 5CCCD6C9F64626B7CB7F1231 /* Pods_moss.framework */; };
/* End PBXBuildFile section */

/* Begin PBXContainerItemProxy section */
		5066AB611FD8D678001ED8A2 /* PBXContainerItemProxy */ = {
			isa = PBXContainerItemProxy;
			containerPortal = 5066AB411FD8D677001ED8A2 /* Project object */;
			proxyType = 1;
			remoteGlobalIDString = 5066AB481FD8D677001ED8A2;
			remoteInfo = moss;
		};
		5066AB6C1FD8D678001ED8A2 /* PBXContainerItemProxy */ = {
			isa = PBXContainerItemProxy;
			containerPortal = 5066AB411FD8D677001ED8A2 /* Project object */;
			proxyType = 1;
			remoteGlobalIDString = 5066AB481FD8D677001ED8A2;
			remoteInfo = moss;
		};
/* End PBXContainerItemProxy section */

/* Begin PBXFileReference section */
		00D5AB526B7E5D65EB691BF6 /* Pods-mossTests.debug.xcconfig */ = {isa = PBXFileReference; includeInIndex = 1; lastKnownFileType = text.xcconfig; name = "Pods-mossTests.debug.xcconfig"; path = "Pods/Target Support Files/Pods-mossTests/Pods-mossTests.debug.xcconfig"; sourceTree = "<group>"; };
		49BF6909C8B9B371D7874102 /* Pods-mossUITests.debug.xcconfig */ = {isa = PBXFileReference; includeInIndex = 1; lastKnownFileType = text.xcconfig; name = "Pods-mossUITests.debug.xcconfig"; path = "Pods/Target Support Files/Pods-mossUITests/Pods-mossUITests.debug.xcconfig"; sourceTree = "<group>"; };
		503436DE1FE2193A00ADE0D9 /* RatingControl.swift */ = {isa = PBXFileReference; lastKnownFileType = sourcecode.swift; path = RatingControl.swift; sourceTree = "<group>"; };
		50459C871FE0F0A00098CE99 /* SettingsViewController.swift */ = {isa = PBXFileReference; lastKnownFileType = sourcecode.swift; path = SettingsViewController.swift; sourceTree = "<group>"; };
		5066AB491FD8D677001ED8A2 /* moss.app */ = {isa = PBXFileReference; explicitFileType = wrapper.application; includeInIndex = 0; path = moss.app; sourceTree = BUILT_PRODUCTS_DIR; };
		5066AB4C1FD8D677001ED8A2 /* AppDelegate.swift */ = {isa = PBXFileReference; lastKnownFileType = sourcecode.swift; path = AppDelegate.swift; sourceTree = "<group>"; };
		5066AB4E1FD8D677001ED8A2 /* MySubscriptionsViewController.swift */ = {isa = PBXFileReference; lastKnownFileType = sourcecode.swift; path = MySubscriptionsViewController.swift; sourceTree = "<group>"; };
		5066AB511FD8D677001ED8A2 /* Base */ = {isa = PBXFileReference; lastKnownFileType = file.storyboard; name = Base; path = Base.lproj/Main.storyboard; sourceTree = "<group>"; };
		5066AB541FD8D677001ED8A2 /* moss.xcdatamodel */ = {isa = PBXFileReference; lastKnownFileType = wrapper.xcdatamodel; path = moss.xcdatamodel; sourceTree = "<group>"; };
		5066AB561FD8D677001ED8A2 /* Assets.xcassets */ = {isa = PBXFileReference; lastKnownFileType = folder.assetcatalog; path = Assets.xcassets; sourceTree = "<group>"; };
		5066AB591FD8D677001ED8A2 /* Base */ = {isa = PBXFileReference; lastKnownFileType = file.storyboard; name = Base; path = Base.lproj/LaunchScreen.storyboard; sourceTree = "<group>"; };
		5066AB5B1FD8D677001ED8A2 /* Info.plist */ = {isa = PBXFileReference; lastKnownFileType = text.plist.xml; path = Info.plist; sourceTree = "<group>"; };
		5066AB601FD8D678001ED8A2 /* mossTests.xctest */ = {isa = PBXFileReference; explicitFileType = wrapper.cfbundle; includeInIndex = 0; path = mossTests.xctest; sourceTree = BUILT_PRODUCTS_DIR; };
		5066AB641FD8D678001ED8A2 /* mossTests.swift */ = {isa = PBXFileReference; lastKnownFileType = sourcecode.swift; path = mossTests.swift; sourceTree = "<group>"; };
		5066AB661FD8D678001ED8A2 /* Info.plist */ = {isa = PBXFileReference; lastKnownFileType = text.plist.xml; path = Info.plist; sourceTree = "<group>"; };
		5066AB6B1FD8D678001ED8A2 /* mossUITests.xctest */ = {isa = PBXFileReference; explicitFileType = wrapper.cfbundle; includeInIndex = 0; path = mossUITests.xctest; sourceTree = BUILT_PRODUCTS_DIR; };
		5066AB6F1FD8D678001ED8A2 /* mossUITests.swift */ = {isa = PBXFileReference; lastKnownFileType = sourcecode.swift; path = mossUITests.swift; sourceTree = "<group>"; };
		5066AB711FD8D678001ED8A2 /* Info.plist */ = {isa = PBXFileReference; lastKnownFileType = text.plist.xml; path = Info.plist; sourceTree = "<group>"; };
		50C98F3B1FE37948007ECE83 /* SubscriptionsViewModel.swift */ = {isa = PBXFileReference; lastKnownFileType = sourcecode.swift; path = SubscriptionsViewModel.swift; sourceTree = "<group>"; };
		50C98F401FE3BA6B007ECE83 /* CreateSubscriptionViewModel.swift */ = {isa = PBXFileReference; lastKnownFileType = sourcecode.swift; path = CreateSubscriptionViewModel.swift; sourceTree = "<group>"; };
		50CF6D2C1FDE26B70084B145 /* CreateSubscriptionViewController.swift */ = {isa = PBXFileReference; lastKnownFileType = sourcecode.swift; path = CreateSubscriptionViewController.swift; sourceTree = "<group>"; };
		5CCCD6C9F64626B7CB7F1231 /* Pods_moss.framework */ = {isa = PBXFileReference; explicitFileType = wrapper.framework; includeInIndex = 0; path = Pods_moss.framework; sourceTree = BUILT_PRODUCTS_DIR; };
		6CA9FAE81E67F74267625503 /* Pods-mossTests.release.xcconfig */ = {isa = PBXFileReference; includeInIndex = 1; lastKnownFileType = text.xcconfig; name = "Pods-mossTests.release.xcconfig"; path = "Pods/Target Support Files/Pods-mossTests/Pods-mossTests.release.xcconfig"; sourceTree = "<group>"; };
		7147E4DEBCCCD58431415454 /* Pods_mossTests.framework */ = {isa = PBXFileReference; explicitFileType = wrapper.framework; includeInIndex = 0; path = Pods_mossTests.framework; sourceTree = BUILT_PRODUCTS_DIR; };
		947E9C73016E7F04B1ACEB15 /* Pods-moss.release.xcconfig */ = {isa = PBXFileReference; includeInIndex = 1; lastKnownFileType = text.xcconfig; name = "Pods-moss.release.xcconfig"; path = "Pods/Target Support Files/Pods-moss/Pods-moss.release.xcconfig"; sourceTree = "<group>"; };
		AB2B373B17F4881CC81E5244 /* Pods-moss.debug.xcconfig */ = {isa = PBXFileReference; includeInIndex = 1; lastKnownFileType = text.xcconfig; name = "Pods-moss.debug.xcconfig"; path = "Pods/Target Support Files/Pods-moss/Pods-moss.debug.xcconfig"; sourceTree = "<group>"; };
		C358F78B1442D9342C48B169 /* Pods-mossUITests.release.xcconfig */ = {isa = PBXFileReference; includeInIndex = 1; lastKnownFileType = text.xcconfig; name = "Pods-mossUITests.release.xcconfig"; path = "Pods/Target Support Files/Pods-mossUITests/Pods-mossUITests.release.xcconfig"; sourceTree = "<group>"; };
		EFD9333FBF27FC96B153869E /* Pods_mossUITests.framework */ = {isa = PBXFileReference; explicitFileType = wrapper.framework; includeInIndex = 0; path = Pods_mossUITests.framework; sourceTree = BUILT_PRODUCTS_DIR; };
/* End PBXFileReference section */

/* Begin PBXFrameworksBuildPhase section */
		5066AB461FD8D677001ED8A2 /* Frameworks */ = {
			isa = PBXFrameworksBuildPhase;
			buildActionMask = 2147483647;
			files = (
				85682BC3F3D5BC7C76CBC2CD /* Pods_moss.framework in Frameworks */,
			);
			runOnlyForDeploymentPostprocessing = 0;
		};
		5066AB5D1FD8D678001ED8A2 /* Frameworks */ = {
			isa = PBXFrameworksBuildPhase;
			buildActionMask = 2147483647;
			files = (
				780D5287249E8B623580BD72 /* Pods_mossTests.framework in Frameworks */,
			);
			runOnlyForDeploymentPostprocessing = 0;
		};
		5066AB681FD8D678001ED8A2 /* Frameworks */ = {
			isa = PBXFrameworksBuildPhase;
			buildActionMask = 2147483647;
			files = (
				37D2D94998AD641C80F29A26 /* Pods_mossUITests.framework in Frameworks */,
			);
			runOnlyForDeploymentPostprocessing = 0;
		};
/* End PBXFrameworksBuildPhase section */

/* Begin PBXGroup section */
		5066AB401FD8D677001ED8A2 = {
			isa = PBXGroup;
			children = (
				5066AB4B1FD8D677001ED8A2 /* moss */,
				5066AB631FD8D678001ED8A2 /* mossTests */,
				5066AB6E1FD8D678001ED8A2 /* mossUITests */,
				5066AB4A1FD8D677001ED8A2 /* Products */,
				A0A569AF93567A797C34BBC3 /* Pods */,
				7CA0210A27C86B87CCE94BCD /* Frameworks */,
			);
			sourceTree = "<group>";
		};
		5066AB4A1FD8D677001ED8A2 /* Products */ = {
			isa = PBXGroup;
			children = (
				5066AB491FD8D677001ED8A2 /* moss.app */,
				5066AB601FD8D678001ED8A2 /* mossTests.xctest */,
				5066AB6B1FD8D678001ED8A2 /* mossUITests.xctest */,
			);
			name = Products;
			sourceTree = "<group>";
		};
		5066AB4B1FD8D677001ED8A2 /* moss */ = {
			isa = PBXGroup;
			children = (
				50C98F3F1FE3B93D007ECE83 /* User Controls */,
				50C98F3E1FE3B8FD007ECE83 /* View Controllers */,
				50C98F3D1FE379B3007ECE83 /* Models */,
				50C98F3A1FE37928007ECE83 /* View Models */,
				5066AB4C1FD8D677001ED8A2 /* AppDelegate.swift */,
				5066AB501FD8D677001ED8A2 /* Main.storyboard */,
				5066AB561FD8D677001ED8A2 /* Assets.xcassets */,
				5066AB581FD8D677001ED8A2 /* LaunchScreen.storyboard */,
				5066AB5B1FD8D677001ED8A2 /* Info.plist */,
				5066AB531FD8D677001ED8A2 /* moss.xcdatamodeld */,
			);
			path = moss;
			sourceTree = "<group>";
		};
		5066AB631FD8D678001ED8A2 /* mossTests */ = {
			isa = PBXGroup;
			children = (
				5066AB641FD8D678001ED8A2 /* mossTests.swift */,
				5066AB661FD8D678001ED8A2 /* Info.plist */,
			);
			path = mossTests;
			sourceTree = "<group>";
		};
		5066AB6E1FD8D678001ED8A2 /* mossUITests */ = {
			isa = PBXGroup;
			children = (
				5066AB6F1FD8D678001ED8A2 /* mossUITests.swift */,
				5066AB711FD8D678001ED8A2 /* Info.plist */,
			);
			path = mossUITests;
			sourceTree = "<group>";
		};
		50C98F3A1FE37928007ECE83 /* View Models */ = {
			isa = PBXGroup;
			children = (
				50C98F3B1FE37948007ECE83 /* SubscriptionsViewModel.swift */,
				50C98F401FE3BA6B007ECE83 /* CreateSubscriptionViewModel.swift */,
			);
			path = "View Models";
			sourceTree = "<group>";
		};
		50C98F3D1FE379B3007ECE83 /* Models */ = {
			isa = PBXGroup;
			children = (
			);
			path = Models;
			sourceTree = "<group>";
		};
		50C98F3E1FE3B8FD007ECE83 /* View Controllers */ = {
			isa = PBXGroup;
			children = (
				5066AB4E1FD8D677001ED8A2 /* MySubscriptionsViewController.swift */,
				50CF6D2C1FDE26B70084B145 /* CreateSubscriptionViewController.swift */,
				50459C871FE0F0A00098CE99 /* SettingsViewController.swift */,
			);
			path = "View Controllers";
			sourceTree = "<group>";
		};
		50C98F3F1FE3B93D007ECE83 /* User Controls */ = {
			isa = PBXGroup;
			children = (
				503436DE1FE2193A00ADE0D9 /* RatingControl.swift */,
			);
			path = "User Controls";
			sourceTree = "<group>";
		};
		7CA0210A27C86B87CCE94BCD /* Frameworks */ = {
			isa = PBXGroup;
			children = (
				5CCCD6C9F64626B7CB7F1231 /* Pods_moss.framework */,
				7147E4DEBCCCD58431415454 /* Pods_mossTests.framework */,
				EFD9333FBF27FC96B153869E /* Pods_mossUITests.framework */,
			);
			name = Frameworks;
			sourceTree = "<group>";
		};
		A0A569AF93567A797C34BBC3 /* Pods */ = {
			isa = PBXGroup;
			children = (
				AB2B373B17F4881CC81E5244 /* Pods-moss.debug.xcconfig */,
				947E9C73016E7F04B1ACEB15 /* Pods-moss.release.xcconfig */,
				00D5AB526B7E5D65EB691BF6 /* Pods-mossTests.debug.xcconfig */,
				6CA9FAE81E67F74267625503 /* Pods-mossTests.release.xcconfig */,
				49BF6909C8B9B371D7874102 /* Pods-mossUITests.debug.xcconfig */,
				C358F78B1442D9342C48B169 /* Pods-mossUITests.release.xcconfig */,
			);
			name = Pods;
			sourceTree = "<group>";
		};
/* End PBXGroup section */

/* Begin PBXNativeTarget section */
		5066AB481FD8D677001ED8A2 /* moss */ = {
			isa = PBXNativeTarget;
			buildConfigurationList = 5066AB741FD8D678001ED8A2 /* Build configuration list for PBXNativeTarget "moss" */;
			buildPhases = (
				7C32B3CC4E1C9B36DFE74A9A /* [CP] Check Pods Manifest.lock */,
				5066AB451FD8D677001ED8A2 /* Sources */,
				5066AB461FD8D677001ED8A2 /* Frameworks */,
				5066AB471FD8D677001ED8A2 /* Resources */,
				CEEA421C0FC687581205566E /* [CP] Embed Pods Frameworks */,
				9E64BE62A41258B3EBDD8DE9 /* [CP] Copy Pods Resources */,
			);
			buildRules = (
			);
			dependencies = (
			);
			name = moss;
			productName = moss;
			productReference = 5066AB491FD8D677001ED8A2 /* moss.app */;
			productType = "com.apple.product-type.application";
		};
		5066AB5F1FD8D678001ED8A2 /* mossTests */ = {
			isa = PBXNativeTarget;
			buildConfigurationList = 5066AB771FD8D678001ED8A2 /* Build configuration list for PBXNativeTarget "mossTests" */;
			buildPhases = (
				063BFDB7BC9FA798002D469A /* [CP] Check Pods Manifest.lock */,
				5066AB5C1FD8D678001ED8A2 /* Sources */,
				5066AB5D1FD8D678001ED8A2 /* Frameworks */,
				5066AB5E1FD8D678001ED8A2 /* Resources */,
				1206706692E9D0DF1084F17A /* [CP] Embed Pods Frameworks */,
				EF326D4A75CB46A2A657F780 /* [CP] Copy Pods Resources */,
			);
			buildRules = (
			);
			dependencies = (
				5066AB621FD8D678001ED8A2 /* PBXTargetDependency */,
			);
			name = mossTests;
			productName = mossTests;
			productReference = 5066AB601FD8D678001ED8A2 /* mossTests.xctest */;
			productType = "com.apple.product-type.bundle.unit-test";
		};
		5066AB6A1FD8D678001ED8A2 /* mossUITests */ = {
			isa = PBXNativeTarget;
			buildConfigurationList = 5066AB7A1FD8D678001ED8A2 /* Build configuration list for PBXNativeTarget "mossUITests" */;
			buildPhases = (
				92039A3AC76B5243199CC9D5 /* [CP] Check Pods Manifest.lock */,
				5066AB671FD8D678001ED8A2 /* Sources */,
				5066AB681FD8D678001ED8A2 /* Frameworks */,
				5066AB691FD8D678001ED8A2 /* Resources */,
				539EEB01FBF456E1C109DC60 /* [CP] Embed Pods Frameworks */,
				DAA559F89E2CAFC9E3D5DF04 /* [CP] Copy Pods Resources */,
			);
			buildRules = (
			);
			dependencies = (
				5066AB6D1FD8D678001ED8A2 /* PBXTargetDependency */,
			);
			name = mossUITests;
			productName = mossUITests;
			productReference = 5066AB6B1FD8D678001ED8A2 /* mossUITests.xctest */;
			productType = "com.apple.product-type.bundle.ui-testing";
		};
/* End PBXNativeTarget section */

/* Begin PBXProject section */
		5066AB411FD8D677001ED8A2 /* Project object */ = {
			isa = PBXProject;
			attributes = {
				LastSwiftUpdateCheck = 0920;
				LastUpgradeCheck = 0920;
				ORGANIZATIONNAME = "Yufeng Guo";
				TargetAttributes = {
					5066AB481FD8D677001ED8A2 = {
						CreatedOnToolsVersion = 9.2;
						ProvisioningStyle = Automatic;
					};
					5066AB5F1FD8D678001ED8A2 = {
						CreatedOnToolsVersion = 9.2;
						ProvisioningStyle = Automatic;
						TestTargetID = 5066AB481FD8D677001ED8A2;
					};
					5066AB6A1FD8D678001ED8A2 = {
						CreatedOnToolsVersion = 9.2;
						ProvisioningStyle = Automatic;
						TestTargetID = 5066AB481FD8D677001ED8A2;
					};
				};
			};
			buildConfigurationList = 5066AB441FD8D677001ED8A2 /* Build configuration list for PBXProject "moss" */;
			compatibilityVersion = "Xcode 8.0";
			developmentRegion = en;
			hasScannedForEncodings = 0;
			knownRegions = (
				en,
				Base,
			);
			mainGroup = 5066AB401FD8D677001ED8A2;
			productRefGroup = 5066AB4A1FD8D677001ED8A2 /* Products */;
			projectDirPath = "";
			projectRoot = "";
			targets = (
				5066AB481FD8D677001ED8A2 /* moss */,
				5066AB5F1FD8D678001ED8A2 /* mossTests */,
				5066AB6A1FD8D678001ED8A2 /* mossUITests */,
			);
		};
/* End PBXProject section */

/* Begin PBXResourcesBuildPhase section */
		5066AB471FD8D677001ED8A2 /* Resources */ = {
			isa = PBXResourcesBuildPhase;
			buildActionMask = 2147483647;
			files = (
				5066AB5A1FD8D677001ED8A2 /* LaunchScreen.storyboard in Resources */,
				5066AB571FD8D677001ED8A2 /* Assets.xcassets in Resources */,
				5066AB521FD8D677001ED8A2 /* Main.storyboard in Resources */,
			);
			runOnlyForDeploymentPostprocessing = 0;
		};
		5066AB5E1FD8D678001ED8A2 /* Resources */ = {
			isa = PBXResourcesBuildPhase;
			buildActionMask = 2147483647;
			files = (
			);
			runOnlyForDeploymentPostprocessing = 0;
		};
		5066AB691FD8D678001ED8A2 /* Resources */ = {
			isa = PBXResourcesBuildPhase;
			buildActionMask = 2147483647;
			files = (
			);
			runOnlyForDeploymentPostprocessing = 0;
		};
/* End PBXResourcesBuildPhase section */

/* Begin PBXShellScriptBuildPhase section */
		063BFDB7BC9FA798002D469A /* [CP] Check Pods Manifest.lock */ = {
			isa = PBXShellScriptBuildPhase;
			buildActionMask = 2147483647;
			files = (
			);
			inputPaths = (
				"${PODS_PODFILE_DIR_PATH}/Podfile.lock",
				"${PODS_ROOT}/Manifest.lock",
			);
			name = "[CP] Check Pods Manifest.lock";
			outputPaths = (
				"$(DERIVED_FILE_DIR)/Pods-mossTests-checkManifestLockResult.txt",
			);
			runOnlyForDeploymentPostprocessing = 0;
			shellPath = /bin/sh;
			shellScript = "diff \"${PODS_PODFILE_DIR_PATH}/Podfile.lock\" \"${PODS_ROOT}/Manifest.lock\" > /dev/null\nif [ $? != 0 ] ; then\n    # print error to STDERR\n    echo \"error: The sandbox is not in sync with the Podfile.lock. Run 'pod install' or update your CocoaPods installation.\" >&2\n    exit 1\nfi\n# This output is used by Xcode 'outputs' to avoid re-running this script phase.\necho \"SUCCESS\" > \"${SCRIPT_OUTPUT_FILE_0}\"\n";
			showEnvVarsInLog = 0;
		};
		1206706692E9D0DF1084F17A /* [CP] Embed Pods Frameworks */ = {
			isa = PBXShellScriptBuildPhase;
			buildActionMask = 2147483647;
			files = (
			);
			inputPaths = (
			);
			name = "[CP] Embed Pods Frameworks";
			outputPaths = (
			);
			runOnlyForDeploymentPostprocessing = 0;
			shellPath = /bin/sh;
			shellScript = "\"${SRCROOT}/Pods/Target Support Files/Pods-mossTests/Pods-mossTests-frameworks.sh\"\n";
			showEnvVarsInLog = 0;
		};
		539EEB01FBF456E1C109DC60 /* [CP] Embed Pods Frameworks */ = {
			isa = PBXShellScriptBuildPhase;
			buildActionMask = 2147483647;
			files = (
			);
			inputPaths = (
			);
			name = "[CP] Embed Pods Frameworks";
			outputPaths = (
			);
			runOnlyForDeploymentPostprocessing = 0;
			shellPath = /bin/sh;
			shellScript = "\"${SRCROOT}/Pods/Target Support Files/Pods-mossUITests/Pods-mossUITests-frameworks.sh\"\n";
			showEnvVarsInLog = 0;
		};
		7C32B3CC4E1C9B36DFE74A9A /* [CP] Check Pods Manifest.lock */ = {
			isa = PBXShellScriptBuildPhase;
			buildActionMask = 2147483647;
			files = (
			);
			inputPaths = (
				"${PODS_PODFILE_DIR_PATH}/Podfile.lock",
				"${PODS_ROOT}/Manifest.lock",
			);
			name = "[CP] Check Pods Manifest.lock";
			outputPaths = (
				"$(DERIVED_FILE_DIR)/Pods-moss-checkManifestLockResult.txt",
			);
			runOnlyForDeploymentPostprocessing = 0;
			shellPath = /bin/sh;
			shellScript = "diff \"${PODS_PODFILE_DIR_PATH}/Podfile.lock\" \"${PODS_ROOT}/Manifest.lock\" > /dev/null\nif [ $? != 0 ] ; then\n    # print error to STDERR\n    echo \"error: The sandbox is not in sync with the Podfile.lock. Run 'pod install' or update your CocoaPods installation.\" >&2\n    exit 1\nfi\n# This output is used by Xcode 'outputs' to avoid re-running this script phase.\necho \"SUCCESS\" > \"${SCRIPT_OUTPUT_FILE_0}\"\n";
			showEnvVarsInLog = 0;
		};
		92039A3AC76B5243199CC9D5 /* [CP] Check Pods Manifest.lock */ = {
			isa = PBXShellScriptBuildPhase;
			buildActionMask = 2147483647;
			files = (
			);
			inputPaths = (
				"${PODS_PODFILE_DIR_PATH}/Podfile.lock",
				"${PODS_ROOT}/Manifest.lock",
			);
			name = "[CP] Check Pods Manifest.lock";
			outputPaths = (
				"$(DERIVED_FILE_DIR)/Pods-mossUITests-checkManifestLockResult.txt",
			);
			runOnlyForDeploymentPostprocessing = 0;
			shellPath = /bin/sh;
			shellScript = "diff \"${PODS_PODFILE_DIR_PATH}/Podfile.lock\" \"${PODS_ROOT}/Manifest.lock\" > /dev/null\nif [ $? != 0 ] ; then\n    # print error to STDERR\n    echo \"error: The sandbox is not in sync with the Podfile.lock. Run 'pod install' or update your CocoaPods installation.\" >&2\n    exit 1\nfi\n# This output is used by Xcode 'outputs' to avoid re-running this script phase.\necho \"SUCCESS\" > \"${SCRIPT_OUTPUT_FILE_0}\"\n";
			showEnvVarsInLog = 0;
		};
		9E64BE62A41258B3EBDD8DE9 /* [CP] Copy Pods Resources */ = {
			isa = PBXShellScriptBuildPhase;
			buildActionMask = 2147483647;
			files = (
			);
			inputPaths = (
			);
			name = "[CP] Copy Pods Resources";
			outputPaths = (
			);
			runOnlyForDeploymentPostprocessing = 0;
			shellPath = /bin/sh;
			shellScript = "\"${SRCROOT}/Pods/Target Support Files/Pods-moss/Pods-moss-resources.sh\"\n";
			showEnvVarsInLog = 0;
		};
		CEEA421C0FC687581205566E /* [CP] Embed Pods Frameworks */ = {
			isa = PBXShellScriptBuildPhase;
			buildActionMask = 2147483647;
			files = (
			);
			inputPaths = (
				"${SRCROOT}/Pods/Target Support Files/Pods-moss/Pods-moss-frameworks.sh",
				"${BUILT_PRODUCTS_DIR}/Eureka/Eureka.framework",
			);
			name = "[CP] Embed Pods Frameworks";
			outputPaths = (
				"${TARGET_BUILD_DIR}/${FRAMEWORKS_FOLDER_PATH}/Eureka.framework",
			);
			runOnlyForDeploymentPostprocessing = 0;
			shellPath = /bin/sh;
			shellScript = "\"${SRCROOT}/Pods/Target Support Files/Pods-moss/Pods-moss-frameworks.sh\"\n";
			showEnvVarsInLog = 0;
		};
		DAA559F89E2CAFC9E3D5DF04 /* [CP] Copy Pods Resources */ = {
			isa = PBXShellScriptBuildPhase;
			buildActionMask = 2147483647;
			files = (
			);
			inputPaths = (
			);
			name = "[CP] Copy Pods Resources";
			outputPaths = (
			);
			runOnlyForDeploymentPostprocessing = 0;
			shellPath = /bin/sh;
			shellScript = "\"${SRCROOT}/Pods/Target Support Files/Pods-mossUITests/Pods-mossUITests-resources.sh\"\n";
			showEnvVarsInLog = 0;
		};
		EF326D4A75CB46A2A657F780 /* [CP] Copy Pods Resources */ = {
			isa = PBXShellScriptBuildPhase;
			buildActionMask = 2147483647;
			files = (
			);
			inputPaths = (
			);
			name = "[CP] Copy Pods Resources";
			outputPaths = (
			);
			runOnlyForDeploymentPostprocessing = 0;
			shellPath = /bin/sh;
			shellScript = "\"${SRCROOT}/Pods/Target Support Files/Pods-mossTests/Pods-mossTests-resources.sh\"\n";
			showEnvVarsInLog = 0;
		};
/* End PBXShellScriptBuildPhase section */

/* Begin PBXSourcesBuildPhase section */
		5066AB451FD8D677001ED8A2 /* Sources */ = {
			isa = PBXSourcesBuildPhase;
			buildActionMask = 2147483647;
			files = (
				50C98F3C1FE37948007ECE83 /* SubscriptionsViewModel.swift in Sources */,
				5066AB4F1FD8D677001ED8A2 /* MySubscriptionsViewController.swift in Sources */,
				50CF6D2D1FDE26B70084B145 /* CreateSubscriptionViewController.swift in Sources */,
				50C98F411FE3BA6B007ECE83 /* CreateSubscriptionViewModel.swift in Sources */,
				5066AB551FD8D677001ED8A2 /* moss.xcdatamodeld in Sources */,
				50459C881FE0F0A00098CE99 /* SettingsViewController.swift in Sources */,
				503436DF1FE2193A00ADE0D9 /* RatingControl.swift in Sources */,
				5066AB4D1FD8D677001ED8A2 /* AppDelegate.swift in Sources */,
			);
			runOnlyForDeploymentPostprocessing = 0;
		};
		5066AB5C1FD8D678001ED8A2 /* Sources */ = {
			isa = PBXSourcesBuildPhase;
			buildActionMask = 2147483647;
			files = (
				5066AB651FD8D678001ED8A2 /* mossTests.swift in Sources */,
			);
			runOnlyForDeploymentPostprocessing = 0;
		};
		5066AB671FD8D678001ED8A2 /* Sources */ = {
			isa = PBXSourcesBuildPhase;
			buildActionMask = 2147483647;
			files = (
				5066AB701FD8D678001ED8A2 /* mossUITests.swift in Sources */,
			);
			runOnlyForDeploymentPostprocessing = 0;
		};
/* End PBXSourcesBuildPhase section */

/* Begin PBXTargetDependency section */
		5066AB621FD8D678001ED8A2 /* PBXTargetDependency */ = {
			isa = PBXTargetDependency;
			target = 5066AB481FD8D677001ED8A2 /* moss */;
			targetProxy = 5066AB611FD8D678001ED8A2 /* PBXContainerItemProxy */;
		};
		5066AB6D1FD8D678001ED8A2 /* PBXTargetDependency */ = {
			isa = PBXTargetDependency;
			target = 5066AB481FD8D677001ED8A2 /* moss */;
			targetProxy = 5066AB6C1FD8D678001ED8A2 /* PBXContainerItemProxy */;
		};
/* End PBXTargetDependency section */

/* Begin PBXVariantGroup section */
		5066AB501FD8D677001ED8A2 /* Main.storyboard */ = {
			isa = PBXVariantGroup;
			children = (
				5066AB511FD8D677001ED8A2 /* Base */,
			);
			name = Main.storyboard;
			sourceTree = "<group>";
		};
		5066AB581FD8D677001ED8A2 /* LaunchScreen.storyboard */ = {
			isa = PBXVariantGroup;
			children = (
				5066AB591FD8D677001ED8A2 /* Base */,
			);
			name = LaunchScreen.storyboard;
			sourceTree = "<group>";
		};
/* End PBXVariantGroup section */

/* Begin XCBuildConfiguration section */
		5066AB721FD8D678001ED8A2 /* Debug */ = {
			isa = XCBuildConfiguration;
			buildSettings = {
				ALWAYS_SEARCH_USER_PATHS = NO;
				CLANG_ANALYZER_NONNULL = YES;
				CLANG_ANALYZER_NUMBER_OBJECT_CONVERSION = YES_AGGRESSIVE;
				CLANG_CXX_LANGUAGE_STANDARD = "gnu++14";
				CLANG_CXX_LIBRARY = "libc++";
				CLANG_ENABLE_MODULES = YES;
				CLANG_ENABLE_OBJC_ARC = YES;
				CLANG_WARN_BLOCK_CAPTURE_AUTORELEASING = YES;
				CLANG_WARN_BOOL_CONVERSION = YES;
				CLANG_WARN_COMMA = YES;
				CLANG_WARN_CONSTANT_CONVERSION = YES;
				CLANG_WARN_DIRECT_OBJC_ISA_USAGE = YES_ERROR;
				CLANG_WARN_DOCUMENTATION_COMMENTS = YES;
				CLANG_WARN_EMPTY_BODY = YES;
				CLANG_WARN_ENUM_CONVERSION = YES;
				CLANG_WARN_INFINITE_RECURSION = YES;
				CLANG_WARN_INT_CONVERSION = YES;
				CLANG_WARN_NON_LITERAL_NULL_CONVERSION = YES;
				CLANG_WARN_OBJC_LITERAL_CONVERSION = YES;
				CLANG_WARN_OBJC_ROOT_CLASS = YES_ERROR;
				CLANG_WARN_RANGE_LOOP_ANALYSIS = YES;
				CLANG_WARN_STRICT_PROTOTYPES = YES;
				CLANG_WARN_SUSPICIOUS_MOVE = YES;
				CLANG_WARN_UNGUARDED_AVAILABILITY = YES_AGGRESSIVE;
				CLANG_WARN_UNREACHABLE_CODE = YES;
				CLANG_WARN__DUPLICATE_METHOD_MATCH = YES;
				CODE_SIGN_IDENTITY = "iPhone Developer";
				COPY_PHASE_STRIP = NO;
				DEBUG_INFORMATION_FORMAT = dwarf;
				ENABLE_STRICT_OBJC_MSGSEND = YES;
				ENABLE_TESTABILITY = YES;
				GCC_C_LANGUAGE_STANDARD = gnu11;
				GCC_DYNAMIC_NO_PIC = NO;
				GCC_NO_COMMON_BLOCKS = YES;
				GCC_OPTIMIZATION_LEVEL = 0;
				GCC_PREPROCESSOR_DEFINITIONS = (
					"DEBUG=1",
					"$(inherited)",
				);
				GCC_WARN_64_TO_32_BIT_CONVERSION = YES;
				GCC_WARN_ABOUT_RETURN_TYPE = YES_ERROR;
				GCC_WARN_UNDECLARED_SELECTOR = YES;
				GCC_WARN_UNINITIALIZED_AUTOS = YES_AGGRESSIVE;
				GCC_WARN_UNUSED_FUNCTION = YES;
				GCC_WARN_UNUSED_VARIABLE = YES;
				IPHONEOS_DEPLOYMENT_TARGET = 11.2;
				MTL_ENABLE_DEBUG_INFO = YES;
				ONLY_ACTIVE_ARCH = YES;
				SDKROOT = iphoneos;
				SWIFT_ACTIVE_COMPILATION_CONDITIONS = DEBUG;
				SWIFT_OPTIMIZATION_LEVEL = "-Onone";
			};
			name = Debug;
		};
		5066AB731FD8D678001ED8A2 /* Release */ = {
			isa = XCBuildConfiguration;
			buildSettings = {
				ALWAYS_SEARCH_USER_PATHS = NO;
				CLANG_ANALYZER_NONNULL = YES;
				CLANG_ANALYZER_NUMBER_OBJECT_CONVERSION = YES_AGGRESSIVE;
				CLANG_CXX_LANGUAGE_STANDARD = "gnu++14";
				CLANG_CXX_LIBRARY = "libc++";
				CLANG_ENABLE_MODULES = YES;
				CLANG_ENABLE_OBJC_ARC = YES;
				CLANG_WARN_BLOCK_CAPTURE_AUTORELEASING = YES;
				CLANG_WARN_BOOL_CONVERSION = YES;
				CLANG_WARN_COMMA = YES;
				CLANG_WARN_CONSTANT_CONVERSION = YES;
				CLANG_WARN_DIRECT_OBJC_ISA_USAGE = YES_ERROR;
				CLANG_WARN_DOCUMENTATION_COMMENTS = YES;
				CLANG_WARN_EMPTY_BODY = YES;
				CLANG_WARN_ENUM_CONVERSION = YES;
				CLANG_WARN_INFINITE_RECURSION = YES;
				CLANG_WARN_INT_CONVERSION = YES;
				CLANG_WARN_NON_LITERAL_NULL_CONVERSION = YES;
				CLANG_WARN_OBJC_LITERAL_CONVERSION = YES;
				CLANG_WARN_OBJC_ROOT_CLASS = YES_ERROR;
				CLANG_WARN_RANGE_LOOP_ANALYSIS = YES;
				CLANG_WARN_STRICT_PROTOTYPES = YES;
				CLANG_WARN_SUSPICIOUS_MOVE = YES;
				CLANG_WARN_UNGUARDED_AVAILABILITY = YES_AGGRESSIVE;
				CLANG_WARN_UNREACHABLE_CODE = YES;
				CLANG_WARN__DUPLICATE_METHOD_MATCH = YES;
				CODE_SIGN_IDENTITY = "iPhone Developer";
				COPY_PHASE_STRIP = NO;
				DEBUG_INFORMATION_FORMAT = "dwarf-with-dsym";
				ENABLE_NS_ASSERTIONS = NO;
				ENABLE_STRICT_OBJC_MSGSEND = YES;
				GCC_C_LANGUAGE_STANDARD = gnu11;
				GCC_NO_COMMON_BLOCKS = YES;
				GCC_WARN_64_TO_32_BIT_CONVERSION = YES;
				GCC_WARN_ABOUT_RETURN_TYPE = YES_ERROR;
				GCC_WARN_UNDECLARED_SELECTOR = YES;
				GCC_WARN_UNINITIALIZED_AUTOS = YES_AGGRESSIVE;
				GCC_WARN_UNUSED_FUNCTION = YES;
				GCC_WARN_UNUSED_VARIABLE = YES;
				IPHONEOS_DEPLOYMENT_TARGET = 11.2;
				MTL_ENABLE_DEBUG_INFO = NO;
				SDKROOT = iphoneos;
				SWIFT_OPTIMIZATION_LEVEL = "-Owholemodule";
				VALIDATE_PRODUCT = YES;
			};
			name = Release;
		};
		5066AB751FD8D678001ED8A2 /* Debug */ = {
			isa = XCBuildConfiguration;
			baseConfigurationReference = AB2B373B17F4881CC81E5244 /* Pods-moss.debug.xcconfig */;
			buildSettings = {
				ASSETCATALOG_COMPILER_APPICON_NAME = AppIcon;
				CODE_SIGN_STYLE = Automatic;
				DEVELOPMENT_TEAM = 3FN5QYL29S;
				INFOPLIST_FILE = moss/Info.plist;
				LD_RUNPATH_SEARCH_PATHS = "$(inherited) @executable_path/Frameworks";
				PRODUCT_BUNDLE_IDENTIFIER = s.g.moss;
				PRODUCT_NAME = "$(TARGET_NAME)";
				SWIFT_VERSION = 4.0;
				TARGETED_DEVICE_FAMILY = "1,2";
			};
			name = Debug;
		};
		5066AB761FD8D678001ED8A2 /* Release */ = {
			isa = XCBuildConfiguration;
			baseConfigurationReference = 947E9C73016E7F04B1ACEB15 /* Pods-moss.release.xcconfig */;
			buildSettings = {
				ASSETCATALOG_COMPILER_APPICON_NAME = AppIcon;
				CODE_SIGN_STYLE = Automatic;
				DEVELOPMENT_TEAM = 3FN5QYL29S;
				INFOPLIST_FILE = moss/Info.plist;
				LD_RUNPATH_SEARCH_PATHS = "$(inherited) @executable_path/Frameworks";
				PRODUCT_BUNDLE_IDENTIFIER = s.g.moss;
				PRODUCT_NAME = "$(TARGET_NAME)";
				SWIFT_VERSION = 4.0;
				TARGETED_DEVICE_FAMILY = "1,2";
			};
			name = Release;
		};
		5066AB781FD8D678001ED8A2 /* Debug */ = {
			isa = XCBuildConfiguration;
			baseConfigurationReference = 00D5AB526B7E5D65EB691BF6 /* Pods-mossTests.debug.xcconfig */;
			buildSettings = {
				ALWAYS_EMBED_SWIFT_STANDARD_LIBRARIES = YES;
				BUNDLE_LOADER = "$(TEST_HOST)";
				CODE_SIGN_STYLE = Automatic;
				DEVELOPMENT_TEAM = 3FN5QYL29S;
				INFOPLIST_FILE = mossTests/Info.plist;
				LD_RUNPATH_SEARCH_PATHS = "$(inherited) @executable_path/Frameworks @loader_path/Frameworks";
				PRODUCT_BUNDLE_IDENTIFIER = yufeng.mossTests;
				PRODUCT_NAME = "$(TARGET_NAME)";
				SWIFT_VERSION = 4.0;
				TARGETED_DEVICE_FAMILY = "1,2";
				TEST_HOST = "$(BUILT_PRODUCTS_DIR)/moss.app/moss";
			};
			name = Debug;
		};
		5066AB791FD8D678001ED8A2 /* Release */ = {
			isa = XCBuildConfiguration;
			baseConfigurationReference = 6CA9FAE81E67F74267625503 /* Pods-mossTests.release.xcconfig */;
			buildSettings = {
				ALWAYS_EMBED_SWIFT_STANDARD_LIBRARIES = YES;
				BUNDLE_LOADER = "$(TEST_HOST)";
				CODE_SIGN_STYLE = Automatic;
				DEVELOPMENT_TEAM = 3FN5QYL29S;
				INFOPLIST_FILE = mossTests/Info.plist;
				LD_RUNPATH_SEARCH_PATHS = "$(inherited) @executable_path/Frameworks @loader_path/Frameworks";
				PRODUCT_BUNDLE_IDENTIFIER = yufeng.mossTests;
				PRODUCT_NAME = "$(TARGET_NAME)";
				SWIFT_VERSION = 4.0;
				TARGETED_DEVICE_FAMILY = "1,2";
				TEST_HOST = "$(BUILT_PRODUCTS_DIR)/moss.app/moss";
			};
			name = Release;
		};
		5066AB7B1FD8D678001ED8A2 /* Debug */ = {
			isa = XCBuildConfiguration;
			baseConfigurationReference = 49BF6909C8B9B371D7874102 /* Pods-mossUITests.debug.xcconfig */;
			buildSettings = {
				ALWAYS_EMBED_SWIFT_STANDARD_LIBRARIES = YES;
				CODE_SIGN_STYLE = Automatic;
				DEVELOPMENT_TEAM = 3FN5QYL29S;
				INFOPLIST_FILE = mossUITests/Info.plist;
				LD_RUNPATH_SEARCH_PATHS = "$(inherited) @executable_path/Frameworks @loader_path/Frameworks";
				PRODUCT_BUNDLE_IDENTIFIER = yufeng.mossUITests;
				PRODUCT_NAME = "$(TARGET_NAME)";
				SWIFT_VERSION = 4.0;
				TARGETED_DEVICE_FAMILY = "1,2";
				TEST_TARGET_NAME = moss;
			};
			name = Debug;
		};
		5066AB7C1FD8D678001ED8A2 /* Release */ = {
			isa = XCBuildConfiguration;
			baseConfigurationReference = C358F78B1442D9342C48B169 /* Pods-mossUITests.release.xcconfig */;
			buildSettings = {
				ALWAYS_EMBED_SWIFT_STANDARD_LIBRARIES = YES;
				CODE_SIGN_STYLE = Automatic;
				DEVELOPMENT_TEAM = 3FN5QYL29S;
				INFOPLIST_FILE = mossUITests/Info.plist;
				LD_RUNPATH_SEARCH_PATHS = "$(inherited) @executable_path/Frameworks @loader_path/Frameworks";
				PRODUCT_BUNDLE_IDENTIFIER = yufeng.mossUITests;
				PRODUCT_NAME = "$(TARGET_NAME)";
				SWIFT_VERSION = 4.0;
				TARGETED_DEVICE_FAMILY = "1,2";
				TEST_TARGET_NAME = moss;
			};
			name = Release;
		};
/* End XCBuildConfiguration section */

/* Begin XCConfigurationList section */
		5066AB441FD8D677001ED8A2 /* Build configuration list for PBXProject "moss" */ = {
			isa = XCConfigurationList;
			buildConfigurations = (
				5066AB721FD8D678001ED8A2 /* Debug */,
				5066AB731FD8D678001ED8A2 /* Release */,
			);
			defaultConfigurationIsVisible = 0;
			defaultConfigurationName = Release;
		};
		5066AB741FD8D678001ED8A2 /* Build configuration list for PBXNativeTarget "moss" */ = {
			isa = XCConfigurationList;
			buildConfigurations = (
				5066AB751FD8D678001ED8A2 /* Debug */,
				5066AB761FD8D678001ED8A2 /* Release */,
			);
			defaultConfigurationIsVisible = 0;
			defaultConfigurationName = Release;
		};
		5066AB771FD8D678001ED8A2 /* Build configuration list for PBXNativeTarget "mossTests" */ = {
			isa = XCConfigurationList;
			buildConfigurations = (
				5066AB781FD8D678001ED8A2 /* Debug */,
				5066AB791FD8D678001ED8A2 /* Release */,
			);
			defaultConfigurationIsVisible = 0;
			defaultConfigurationName = Release;
		};
		5066AB7A1FD8D678001ED8A2 /* Build configuration list for PBXNativeTarget "mossUITests" */ = {
			isa = XCConfigurationList;
			buildConfigurations = (
				5066AB7B1FD8D678001ED8A2 /* Debug */,
				5066AB7C1FD8D678001ED8A2 /* Release */,
			);
			defaultConfigurationIsVisible = 0;
			defaultConfigurationName = Release;
		};
/* End XCConfigurationList section */

/* Begin XCVersionGroup section */
		5066AB531FD8D677001ED8A2 /* moss.xcdatamodeld */ = {
			isa = XCVersionGroup;
			children = (
				5066AB541FD8D677001ED8A2 /* moss.xcdatamodel */,
			);
			currentVersion = 5066AB541FD8D677001ED8A2 /* moss.xcdatamodel */;
			path = moss.xcdatamodeld;
			sourceTree = "<group>";
			versionGroupType = wrapper.xcdatamodel;
		};
/* End XCVersionGroup section */
	};
	rootObject = 5066AB411FD8D677001ED8A2 /* Project object */;
}
